{
  "name": "wissen-ahrensburg.de",
  "version": "1.0.0",
  "lockfileVersion": 3,
  "requires": true,
  "packages": {
    "": {
      "name": "wissen-ahrensburg.de",
      "version": "1.0.0",
      "license": "ISC",
      "dependencies": {
        "github-pages": "^0.1.0"
      }
    },
    "node_modules/github-pages": {
      "version": "0.1.0",
      "resolved": "https://registry.npmjs.org/github-pages/-/github-pages-0.1.0.tgz",
      "integrity": "sha512-XeREZw9NHj4nWaPGttMGxMOqTVZ7X1TrDK38MN1X/dJYBWxULc1w7zNIgMOHYegiDfWGkRyeV5mOPplm8sacCQ==",
      "license": "MIT"
    }
  }
}
